
Microsoft Visual Studio Solution File, Format Version 12.00
# Visual Studio Version 16
VisualStudioVersion = 16.0.32413.511
MinimumVisualStudioVersion = 10.0.40219.1
Project("{FAE04EC0-301F-11D3-BF4B-00C04F79EFBC}") = "SimchaFund.Web", "SimchaFund.Web\SimchaFund.Web.csproj", "{1330C757-3163-43D4-8987-336F67D12C72}"
EndProject
Project("{FAE04EC0-301F-11D3-BF4B-00C04F79EFBC}") = "SimchasFund.Data", "SimchasFund.Data\SimchasFund.Data.csproj", "{AA56D0CA-9F5D-4D7C-9AF4-95A92B8A7C97}"
EndProject
Global
	GlobalSection(SolutionConfigurationPlatforms) = preSolution
		Debug|Any CPU = Debug|Any CPU
		Release|Any CPU = Release|Any CPU
	EndGlobalSection
	GlobalSection(ProjectConfigurationPlatforms) = postSolution
		{1330C757-3163-43D4-8987-336F67D12C72}.Debug|Any CPU.ActiveCfg = Debug|Any CPU
		{1330C757-3163-43D4-8987-336F67D12C72}.Debug|Any CPU.Build.0 = Debug|Any CPU
		{1330C757-3163-43D4-8987-336F67D12C72}.Release|Any CPU.ActiveCfg = Release|Any CPU
		{1330C757-3163-43D4-8987-336F67D12C72}.Release|Any CPU.Build.0 = Release|Any CPU
		{AA56D0CA-9F5D-4D7C-9AF4-95A92B8A7C97}.Debug|Any CPU.ActiveCfg = Debug|Any CPU
		{AA56D0CA-9F5D-4D7C-9AF4-95A92B8A7C97}.Debug|Any CPU.Build.0 = Debug|Any CPU
		{AA56D0CA-9F5D-4D7C-9AF4-95A92B8A7C97}.Release|Any CPU.ActiveCfg = Release|Any CPU
		{AA56D0CA-9F5D-4D7C-9AF4-95A92B8A7C97}.Release|Any CPU.Build.0 = Release|Any CPU
	EndGlobalSection
	GlobalSection(SolutionProperties) = preSolution
		HideSolutionNode = FALSE
	EndGlobalSection
	GlobalSection(ExtensibilityGlobals) = postSolution
		SolutionGuid = {7090F8F9-2EF3-4E9F-91CA-8EE492BB08E8}
	EndGlobalSection
EndGlobal
